
Microsoft Visual Studio Solution File, Format Version 12.00
# Visual Studio Version 17
VisualStudioVersion = 17.12.35323.107
MinimumVisualStudioVersion = 10.0.40219.1
Project("{FAE04EC0-301F-11D3-BF4B-00C04F79EFBC}") = "MemberData", "MemberData\MemberData.csproj", "{3A9A9615-1DE3-4E36-92E1-D6BE7E06AB3B}"
EndProject
Project("{FAE04EC0-301F-11D3-BF4B-00C04F79EFBC}") = "MemberApi", "MemberApi\MemberApi.csproj", "{B09A3C73-D77F-413D-8772-2578B252E284}"
EndProject
Global
	GlobalSection(SolutionConfigurationPlatforms) = preSolution
		Debug|Any CPU = Debug|Any CPU
		Release|Any CPU = Release|Any CPU
	EndGlobalSection
	GlobalSection(ProjectConfigurationPlatforms) = postSolution
		{3A9A9615-1DE3-4E36-92E1-D6BE7E06AB3B}.Debug|Any CPU.ActiveCfg = Debug|Any CPU
		{3A9A9615-1DE3-4E36-92E1-D6BE7E06AB3B}.Debug|Any CPU.Build.0 = Debug|Any CPU
		{3A9A9615-1DE3-4E36-92E1-D6BE7E06AB3B}.Release|Any CPU.ActiveCfg = Release|Any CPU
		{3A9A9615-1DE3-4E36-92E1-D6BE7E06AB3B}.Release|Any CPU.Build.0 = Release|Any CPU
		{B09A3C73-D77F-413D-8772-2578B252E284}.Debug|Any CPU.ActiveCfg = Debug|Any CPU
		{B09A3C73-D77F-413D-8772-2578B252E284}.Debug|Any CPU.Build.0 = Debug|Any CPU
		{B09A3C73-D77F-413D-8772-2578B252E284}.Release|Any CPU.ActiveCfg = Release|Any CPU
		{B09A3C73-D77F-413D-8772-2578B252E284}.Release|Any CPU.Build.0 = Release|Any CPU
	EndGlobalSection
	GlobalSection(SolutionProperties) = preSolution
		HideSolutionNode = FALSE
	EndGlobalSection
	GlobalSection(ExtensibilityGlobals) = postSolution
		SolutionGuid = {770665D6-3C49-4AAD-98F2-032BB37C6E3C}
	EndGlobalSection
EndGlobal
